
Microsoft Visual Studio Solution File, Format Version 12.00
# Visual Studio Version 17
VisualStudioVersion = 17.12.35527.113
MinimumVisualStudioVersion = 10.0.40219.1
Project("{2150E333-8FDC-42A3-9474-1A3956D46DE8}") = "src", "src", "{1F8F881A-E906-48D7-8F2C-159BF0F46001}"
EndProject
Project("{FAE04EC0-301F-11D3-BF4B-00C04F79EFBC}") = "ShowNow.Domain", "ShowNow.Domain\ShowNow.Domain.csproj", "{C9403A3C-309F-4565-ABD9-67BB6DF367D3}"
EndProject
Project("{FAE04EC0-301F-11D3-BF4B-00C04F79EFBC}") = "ShopNow.Application", "ShopNow.Application\ShopNow.Application.csproj", "{94E3E320-AF1E-4311-8D13-95C639EF1044}"
EndProject
Project("{FAE04EC0-301F-11D3-BF4B-00C04F79EFBC}") = "ShopNow.Infrastructure", "ShopNow.Infrastructure\ShopNow.Infrastructure.csproj", "{E5D08C1D-87C8-48C7-AC71-1DB82652CE72}"
EndProject
Project("{FAE04EC0-301F-11D3-BF4B-00C04F79EFBC}") = "ShopNow.Presentation", "ShopNow.Presentation\ShopNow.Presentation.csproj", "{BC7D0CC6-6846-4B0A-94AD-0F7C3CDFC94B}"
EndProject
Project("{FAE04EC0-301F-11D3-BF4B-00C04F79EFBC}") = "ShopNow.Shared", "ShopNow.Shared\ShopNow.Shared.csproj", "{FEFC214A-1805-444E-841D-562B9149D80A}"
EndProject
Global
	GlobalSection(SolutionConfigurationPlatforms) = preSolution
		Debug|Any CPU = Debug|Any CPU
		Release|Any CPU = Release|Any CPU
	EndGlobalSection
	GlobalSection(ProjectConfigurationPlatforms) = postSolution
		{C9403A3C-309F-4565-ABD9-67BB6DF367D3}.Debug|Any CPU.ActiveCfg = Debug|Any CPU
		{C9403A3C-309F-4565-ABD9-67BB6DF367D3}.Debug|Any CPU.Build.0 = Debug|Any CPU
		{C9403A3C-309F-4565-ABD9-67BB6DF367D3}.Release|Any CPU.ActiveCfg = Release|Any CPU
		{C9403A3C-309F-4565-ABD9-67BB6DF367D3}.Release|Any CPU.Build.0 = Release|Any CPU
		{94E3E320-AF1E-4311-8D13-95C639EF1044}.Debug|Any CPU.ActiveCfg = Debug|Any CPU
		{94E3E320-AF1E-4311-8D13-95C639EF1044}.Debug|Any CPU.Build.0 = Debug|Any CPU
		{94E3E320-AF1E-4311-8D13-95C639EF1044}.Release|Any CPU.ActiveCfg = Release|Any CPU
		{94E3E320-AF1E-4311-8D13-95C639EF1044}.Release|Any CPU.Build.0 = Release|Any CPU
		{E5D08C1D-87C8-48C7-AC71-1DB82652CE72}.Debug|Any CPU.ActiveCfg = Debug|Any CPU
		{E5D08C1D-87C8-48C7-AC71-1DB82652CE72}.Debug|Any CPU.Build.0 = Debug|Any CPU
		{E5D08C1D-87C8-48C7-AC71-1DB82652CE72}.Release|Any CPU.ActiveCfg = Release|Any CPU
		{E5D08C1D-87C8-48C7-AC71-1DB82652CE72}.Release|Any CPU.Build.0 = Release|Any CPU
		{BC7D0CC6-6846-4B0A-94AD-0F7C3CDFC94B}.Debug|Any CPU.ActiveCfg = Debug|Any CPU
		{BC7D0CC6-6846-4B0A-94AD-0F7C3CDFC94B}.Debug|Any CPU.Build.0 = Debug|Any CPU
		{BC7D0CC6-6846-4B0A-94AD-0F7C3CDFC94B}.Release|Any CPU.ActiveCfg = Release|Any CPU
		{BC7D0CC6-6846-4B0A-94AD-0F7C3CDFC94B}.Release|Any CPU.Build.0 = Release|Any CPU
		{FEFC214A-1805-444E-841D-562B9149D80A}.Debug|Any CPU.ActiveCfg = Debug|Any CPU
		{FEFC214A-1805-444E-841D-562B9149D80A}.Debug|Any CPU.Build.0 = Debug|Any CPU
		{FEFC214A-1805-444E-841D-562B9149D80A}.Release|Any CPU.ActiveCfg = Release|Any CPU
		{FEFC214A-1805-444E-841D-562B9149D80A}.Release|Any CPU.Build.0 = Release|Any CPU
	EndGlobalSection
	GlobalSection(SolutionProperties) = preSolution
		HideSolutionNode = FALSE
	EndGlobalSection
	GlobalSection(NestedProjects) = preSolution
		{C9403A3C-309F-4565-ABD9-67BB6DF367D3} = {1F8F881A-E906-48D7-8F2C-159BF0F46001}
		{94E3E320-AF1E-4311-8D13-95C639EF1044} = {1F8F881A-E906-48D7-8F2C-159BF0F46001}
		{E5D08C1D-87C8-48C7-AC71-1DB82652CE72} = {1F8F881A-E906-48D7-8F2C-159BF0F46001}
		{BC7D0CC6-6846-4B0A-94AD-0F7C3CDFC94B} = {1F8F881A-E906-48D7-8F2C-159BF0F46001}
		{FEFC214A-1805-444E-841D-562B9149D80A} = {1F8F881A-E906-48D7-8F2C-159BF0F46001}
	EndGlobalSection
EndGlobal
